
Microsoft Visual Studio Solution File, Format Version 11.00
# Visual Studio 2010
Project("{FAE04EC0-301F-11D3-BF4B-00C04F79EFBC}") = "Assembly-CSharp", "Assembly-CSharp.csproj", "{F1CA8391-FB09-7B0E-1691-DF9FC1B0944E}"
EndProject
Project("{FAE04EC0-301F-11D3-BF4B-00C04F79EFBC}") = "Assembly-CSharp-Editor", "Assembly-CSharp-Editor.csproj", "{BC69854E-3DAF-CDE6-3266-619D07715455}"
EndProject
Global
	GlobalSection(SolutionConfigurationPlatforms) = preSolution
		Debug|Any CPU = Debug|Any CPU
		Release|Any CPU = Release|Any CPU
	EndGlobalSection
	GlobalSection(ProjectConfigurationPlatforms) = postSolution
		{F1CA8391-FB09-7B0E-1691-DF9FC1B0944E}.Debug|Any CPU.ActiveCfg = Debug|Any CPU
		{F1CA8391-FB09-7B0E-1691-DF9FC1B0944E}.Debug|Any CPU.Build.0 = Debug|Any CPU
		{F1CA8391-FB09-7B0E-1691-DF9FC1B0944E}.Release|Any CPU.ActiveCfg = Release|Any CPU
		{F1CA8391-FB09-7B0E-1691-DF9FC1B0944E}.Release|Any CPU.Build.0 = Release|Any CPU
		{BC69854E-3DAF-CDE6-3266-619D07715455}.Debug|Any CPU.ActiveCfg = Debug|Any CPU
		{BC69854E-3DAF-CDE6-3266-619D07715455}.Debug|Any CPU.Build.0 = Debug|Any CPU
		{BC69854E-3DAF-CDE6-3266-619D07715455}.Release|Any CPU.ActiveCfg = Release|Any CPU
		{BC69854E-3DAF-CDE6-3266-619D07715455}.Release|Any CPU.Build.0 = Release|Any CPU
	EndGlobalSection
	GlobalSection(SolutionProperties) = preSolution
		HideSolutionNode = FALSE
	EndGlobalSection
	GlobalSection(MonoDevelopProperties) = preSolution
		StartupItem = Assembly-CSharp.csproj
	EndGlobalSection
EndGlobal
